Microsoft Visual Studio Solution File, Format Version 12.00
# Visual Studio Version 17
VisualStudioVersion = 17.5.2.0
MinimumVisualStudioVersion = 10.0.40219.1
Project("{FAE04EC0-301F-11D3-BF4B-00C04F79EFBC}") = "RimTalkQuests", "RimTalkQuests.csproj", "{1ED0AEEE-B8FC-9F7D-575B-84ED104F7B56}"
EndProject
Project("{2150E333-8FDC-42A3-9474-1A3956D46DE8}") = "ref", "ref", "{BD723044-0856-D0CD-08C8-5B40B1E1D1C1}"
EndProject
Project("{FAE04EC0-301F-11D3-BF4B-00C04F79EFBC}") = "RimTalk", "ref\RimTalk\RimTalk.csproj", "{48B6C889-BD41-FFD5-CE2A-8318A7D63574}"
EndProject
Global
	GlobalSection(SolutionConfigurationPlatforms) = preSolution
		Debug|Any CPU = Debug|Any CPU
		Release|Any CPU = Release|Any CPU
	EndGlobalSection
	GlobalSection(ProjectConfigurationPlatforms) = postSolution
		{1ED0AEEE-B8FC-9F7D-575B-84ED104F7B56}.Debug|Any CPU.ActiveCfg = Debug|Any CPU
		{1ED0AEEE-B8FC-9F7D-575B-84ED104F7B56}.Debug|Any CPU.Build.0 = Debug|Any CPU
		{1ED0AEEE-B8FC-9F7D-575B-84ED104F7B56}.Release|Any CPU.ActiveCfg = Release|Any CPU
		{1ED0AEEE-B8FC-9F7D-575B-84ED104F7B56}.Release|Any CPU.Build.0 = Release|Any CPU
		{48B6C889-BD41-FFD5-CE2A-8318A7D63574}.Debug|Any CPU.ActiveCfg = Debug|Any CPU
		{48B6C889-BD41-FFD5-CE2A-8318A7D63574}.Debug|Any CPU.Build.0 = Debug|Any CPU
		{48B6C889-BD41-FFD5-CE2A-8318A7D63574}.Release|Any CPU.ActiveCfg = Release|Any CPU
		{48B6C889-BD41-FFD5-CE2A-8318A7D63574}.Release|Any CPU.Build.0 = Release|Any CPU
	EndGlobalSection
	GlobalSection(SolutionProperties) = preSolution
		HideSolutionNode = FALSE
	EndGlobalSection
	GlobalSection(NestedProjects) = preSolution
		{48B6C889-BD41-FFD5-CE2A-8318A7D63574} = {BD723044-0856-D0CD-08C8-5B40B1E1D1C1}
	EndGlobalSection
	GlobalSection(ExtensibilityGlobals) = postSolution
		SolutionGuid = {A6902E5D-7218-4CA0-8E51-BF5FAF95AEC9}
	EndGlobalSection
EndGlobal
